
Microsoft Visual Studio Solution File, Format Version 12.00
# Visual Studio 15
VisualStudioVersion = 15.0.28307.1738
MinimumVisualStudioVersion = 10.0.40219.1
Project("{FAE04EC0-301F-11D3-BF4B-00C04F79EFBC}") = "WpfProject", "WpfProject\WpfProject.csproj", "{03394652-F11F-4AEB-8325-2CE8FD4CAC39}"
EndProject
Global
	GlobalSection(SolutionConfigurationPlatforms) = preSolution
		Debug|Any CPU = Debug|Any CPU
		Release|Any CPU = Release|Any CPU
	EndGlobalSection
	GlobalSection(ProjectConfigurationPlatforms) = postSolution
		{03394652-F11F-4AEB-8325-2CE8FD4CAC39}.Debug|Any CPU.ActiveCfg = Debug|Any CPU
		{03394652-F11F-4AEB-8325-2CE8FD4CAC39}.Debug|Any CPU.Build.0 = Debug|Any CPU
		{03394652-F11F-4AEB-8325-2CE8FD4CAC39}.Release|Any CPU.ActiveCfg = Release|Any CPU
		{03394652-F11F-4AEB-8325-2CE8FD4CAC39}.Release|Any CPU.Build.0 = Release|Any CPU
	EndGlobalSection
	GlobalSection(SolutionProperties) = preSolution
		HideSolutionNode = FALSE
	EndGlobalSection
	GlobalSection(ExtensibilityGlobals) = postSolution
		SolutionGuid = {3BFBA8DA-1918-4E36-8085-499621B1806C}
	EndGlobalSection
EndGlobal
