
Microsoft Visual Studio Solution File, Format Version 12.00
# Visual Studio 15
VisualStudioVersion = 15.0.28307.1705
MinimumVisualStudioVersion = 10.0.40219.1
Project("{FAE04EC0-301F-11D3-BF4B-00C04F79EFBC}") = "PersonalTracking", "PersonalTracking\PersonalTracking.csproj", "{8407DF48-D477-4728-8608-C170BE025F46}"
EndProject
Project("{FAE04EC0-301F-11D3-BF4B-00C04F79EFBC}") = "BLL", "BLL\BLL.csproj", "{1C35E6E1-A7B1-4568-AC01-8CFD62232933}"
EndProject
Project("{FAE04EC0-301F-11D3-BF4B-00C04F79EFBC}") = "DAL", "DAL\DAL.csproj", "{D70D5B1B-A80A-4CE2-B750-18DA9ACCCCC1}"
EndProject
Global
	GlobalSection(SolutionConfigurationPlatforms) = preSolution
		Debug|Any CPU = Debug|Any CPU
		Release|Any CPU = Release|Any CPU
	EndGlobalSection
	GlobalSection(ProjectConfigurationPlatforms) = postSolution
		{8407DF48-D477-4728-8608-C170BE025F46}.Debug|Any CPU.ActiveCfg = Debug|Any CPU
		{8407DF48-D477-4728-8608-C170BE025F46}.Debug|Any CPU.Build.0 = Debug|Any CPU
		{8407DF48-D477-4728-8608-C170BE025F46}.Release|Any CPU.ActiveCfg = Release|Any CPU
		{8407DF48-D477-4728-8608-C170BE025F46}.Release|Any CPU.Build.0 = Release|Any CPU
		{1C35E6E1-A7B1-4568-AC01-8CFD62232933}.Debug|Any CPU.ActiveCfg = Debug|Any CPU
		{1C35E6E1-A7B1-4568-AC01-8CFD62232933}.Debug|Any CPU.Build.0 = Debug|Any CPU
		{1C35E6E1-A7B1-4568-AC01-8CFD62232933}.Release|Any CPU.ActiveCfg = Release|Any CPU
		{1C35E6E1-A7B1-4568-AC01-8CFD62232933}.Release|Any CPU.Build.0 = Release|Any CPU
		{D70D5B1B-A80A-4CE2-B750-18DA9ACCCCC1}.Debug|Any CPU.ActiveCfg = Debug|Any CPU
		{D70D5B1B-A80A-4CE2-B750-18DA9ACCCCC1}.Debug|Any CPU.Build.0 = Debug|Any CPU
		{D70D5B1B-A80A-4CE2-B750-18DA9ACCCCC1}.Release|Any CPU.ActiveCfg = Release|Any CPU
		{D70D5B1B-A80A-4CE2-B750-18DA9ACCCCC1}.Release|Any CPU.Build.0 = Release|Any CPU
	EndGlobalSection
	GlobalSection(SolutionProperties) = preSolution
		HideSolutionNode = FALSE
	EndGlobalSection
	GlobalSection(ExtensibilityGlobals) = postSolution
		SolutionGuid = {76F4151D-172C-4239-BF99-E9C71E81BD38}
	EndGlobalSection
EndGlobal
