
Microsoft Visual Studio Solution File, Format Version 12.00
# Visual Studio 15
VisualStudioVersion = 15.0.28307.1525
MinimumVisualStudioVersion = 10.0.40219.1
Project("{FAE04EC0-301F-11D3-BF4B-00C04F79EFBC}") = "TurnDev", "TurnDev\TurnDev.csproj", "{1B45A56E-4B0F-4484-8E52-6848142C1D94}"
EndProject
Project("{FAE04EC0-301F-11D3-BF4B-00C04F79EFBC}") = "Componentes", "Componentes\Componentes.csproj", "{B12BB6E2-2BDA-425B-A103-9FB39BE7ACC3}"
EndProject
Global
	GlobalSection(SolutionConfigurationPlatforms) = preSolution
		Debug|Any CPU = Debug|Any CPU
		Release|Any CPU = Release|Any CPU
	EndGlobalSection
	GlobalSection(ProjectConfigurationPlatforms) = postSolution
		{1B45A56E-4B0F-4484-8E52-6848142C1D94}.Debug|Any CPU.ActiveCfg = Debug|Any CPU
		{1B45A56E-4B0F-4484-8E52-6848142C1D94}.Debug|Any CPU.Build.0 = Debug|Any CPU
		{1B45A56E-4B0F-4484-8E52-6848142C1D94}.Release|Any CPU.ActiveCfg = Release|Any CPU
		{1B45A56E-4B0F-4484-8E52-6848142C1D94}.Release|Any CPU.Build.0 = Release|Any CPU
		{B12BB6E2-2BDA-425B-A103-9FB39BE7ACC3}.Debug|Any CPU.ActiveCfg = Debug|Any CPU
		{B12BB6E2-2BDA-425B-A103-9FB39BE7ACC3}.Debug|Any CPU.Build.0 = Debug|Any CPU
		{B12BB6E2-2BDA-425B-A103-9FB39BE7ACC3}.Release|Any CPU.ActiveCfg = Release|Any CPU
		{B12BB6E2-2BDA-425B-A103-9FB39BE7ACC3}.Release|Any CPU.Build.0 = Release|Any CPU
	EndGlobalSection
	GlobalSection(SolutionProperties) = preSolution
		HideSolutionNode = FALSE
	EndGlobalSection
	GlobalSection(ExtensibilityGlobals) = postSolution
		SolutionGuid = {67975FF9-FC24-4F0E-A714-68E80E2AEEDA}
	EndGlobalSection
EndGlobal
