
Microsoft Visual Studio Solution File, Format Version 12.00
# Visual Studio 15
VisualStudioVersion = 15.0.28307.1705
MinimumVisualStudioVersion = 10.0.40219.1
Project("{FAE04EC0-301F-11D3-BF4B-00C04F79EFBC}") = "InheritanceStudy", "InheritanceStudy\InheritanceStudy.csproj", "{D321FB1D-4790-4572-A852-D7FA4CE37F42}"
EndProject
Project("{FAE04EC0-301F-11D3-BF4B-00C04F79EFBC}") = "InterfaceStudy", "Interface\InterfaceStudy.csproj", "{CEDB3CDC-006C-4B2B-9B7F-4C15D4FA31FE}"
EndProject
Project("{FAE04EC0-301F-11D3-BF4B-00C04F79EFBC}") = "PolymorphismStudy", "PolymorphismStudy\PolymorphismStudy.csproj", "{1904DEB9-A6F9-4055-AFF4-8B5D7E4FCE02}"
EndProject
Project("{FAE04EC0-301F-11D3-BF4B-00C04F79EFBC}") = "AbstractStudy", "AbstractStudy\AbstractStudy.csproj", "{4B2A70CA-B342-4923-BE51-092774BBEEC7}"
EndProject
Project("{FAE04EC0-301F-11D3-BF4B-00C04F79EFBC}") = "PartialSealedStudy", "PartialSealedStudy\PartialSealedStudy.csproj", "{103C1816-DD26-4DF2-832C-3FA4816D8CAE}"
EndProject
Project("{FAE04EC0-301F-11D3-BF4B-00C04F79EFBC}") = "EnumStudy", "EnumStudy\EnumStudy.csproj", "{2BC7E5A4-E9D9-4EFF-A5F0-A8B35063A82C}"
EndProject
Project("{FAE04EC0-301F-11D3-BF4B-00C04F79EFBC}") = "DelegateStudy", "DelegateStudy\DelegateStudy.csproj", "{908E395D-B12F-4095-B5EE-98A04E9674EF}"
EndProject
Project("{FAE04EC0-301F-11D3-BF4B-00C04F79EFBC}") = "HandlingStudy", "HandlingStudy\HandlingStudy.csproj", "{6F2C7B82-A516-44C4-ADE8-1ADF2A6024DC}"
EndProject
Project("{FAE04EC0-301F-11D3-BF4B-00C04F79EFBC}") = "FileStudy", "FileStudy\FileStudy.csproj", "{A318C6D2-88E6-43E2-A2D4-0FAABC7F3ECD}"
EndProject
Global
	GlobalSection(SolutionConfigurationPlatforms) = preSolution
		Debug|Any CPU = Debug|Any CPU
		Release|Any CPU = Release|Any CPU
	EndGlobalSection
	GlobalSection(ProjectConfigurationPlatforms) = postSolution
		{D321FB1D-4790-4572-A852-D7FA4CE37F42}.Debug|Any CPU.ActiveCfg = Debug|Any CPU
		{D321FB1D-4790-4572-A852-D7FA4CE37F42}.Debug|Any CPU.Build.0 = Debug|Any CPU
		{D321FB1D-4790-4572-A852-D7FA4CE37F42}.Release|Any CPU.ActiveCfg = Release|Any CPU
		{D321FB1D-4790-4572-A852-D7FA4CE37F42}.Release|Any CPU.Build.0 = Release|Any CPU
		{CEDB3CDC-006C-4B2B-9B7F-4C15D4FA31FE}.Debug|Any CPU.ActiveCfg = Debug|Any CPU
		{CEDB3CDC-006C-4B2B-9B7F-4C15D4FA31FE}.Debug|Any CPU.Build.0 = Debug|Any CPU
		{CEDB3CDC-006C-4B2B-9B7F-4C15D4FA31FE}.Release|Any CPU.ActiveCfg = Release|Any CPU
		{CEDB3CDC-006C-4B2B-9B7F-4C15D4FA31FE}.Release|Any CPU.Build.0 = Release|Any CPU
		{1904DEB9-A6F9-4055-AFF4-8B5D7E4FCE02}.Debug|Any CPU.ActiveCfg = Debug|Any CPU
		{1904DEB9-A6F9-4055-AFF4-8B5D7E4FCE02}.Debug|Any CPU.Build.0 = Debug|Any CPU
		{1904DEB9-A6F9-4055-AFF4-8B5D7E4FCE02}.Release|Any CPU.ActiveCfg = Release|Any CPU
		{1904DEB9-A6F9-4055-AFF4-8B5D7E4FCE02}.Release|Any CPU.Build.0 = Release|Any CPU
		{4B2A70CA-B342-4923-BE51-092774BBEEC7}.Debug|Any CPU.ActiveCfg = Debug|Any CPU
		{4B2A70CA-B342-4923-BE51-092774BBEEC7}.Debug|Any CPU.Build.0 = Debug|Any CPU
		{4B2A70CA-B342-4923-BE51-092774BBEEC7}.Release|Any CPU.ActiveCfg = Release|Any CPU
		{4B2A70CA-B342-4923-BE51-092774BBEEC7}.Release|Any CPU.Build.0 = Release|Any CPU
		{103C1816-DD26-4DF2-832C-3FA4816D8CAE}.Debug|Any CPU.ActiveCfg = Debug|Any CPU
		{103C1816-DD26-4DF2-832C-3FA4816D8CAE}.Debug|Any CPU.Build.0 = Debug|Any CPU
		{103C1816-DD26-4DF2-832C-3FA4816D8CAE}.Release|Any CPU.ActiveCfg = Release|Any CPU
		{103C1816-DD26-4DF2-832C-3FA4816D8CAE}.Release|Any CPU.Build.0 = Release|Any CPU
		{2BC7E5A4-E9D9-4EFF-A5F0-A8B35063A82C}.Debug|Any CPU.ActiveCfg = Debug|Any CPU
		{2BC7E5A4-E9D9-4EFF-A5F0-A8B35063A82C}.Debug|Any CPU.Build.0 = Debug|Any CPU
		{2BC7E5A4-E9D9-4EFF-A5F0-A8B35063A82C}.Release|Any CPU.ActiveCfg = Release|Any CPU
		{2BC7E5A4-E9D9-4EFF-A5F0-A8B35063A82C}.Release|Any CPU.Build.0 = Release|Any CPU
		{908E395D-B12F-4095-B5EE-98A04E9674EF}.Debug|Any CPU.ActiveCfg = Debug|Any CPU
		{908E395D-B12F-4095-B5EE-98A04E9674EF}.Debug|Any CPU.Build.0 = Debug|Any CPU
		{908E395D-B12F-4095-B5EE-98A04E9674EF}.Release|Any CPU.ActiveCfg = Release|Any CPU
		{908E395D-B12F-4095-B5EE-98A04E9674EF}.Release|Any CPU.Build.0 = Release|Any CPU
		{6F2C7B82-A516-44C4-ADE8-1ADF2A6024DC}.Debug|Any CPU.ActiveCfg = Debug|Any CPU
		{6F2C7B82-A516-44C4-ADE8-1ADF2A6024DC}.Debug|Any CPU.Build.0 = Debug|Any CPU
		{6F2C7B82-A516-44C4-ADE8-1ADF2A6024DC}.Release|Any CPU.ActiveCfg = Release|Any CPU
		{6F2C7B82-A516-44C4-ADE8-1ADF2A6024DC}.Release|Any CPU.Build.0 = Release|Any CPU
		{A318C6D2-88E6-43E2-A2D4-0FAABC7F3ECD}.Debug|Any CPU.ActiveCfg = Debug|Any CPU
		{A318C6D2-88E6-43E2-A2D4-0FAABC7F3ECD}.Debug|Any CPU.Build.0 = Debug|Any CPU
		{A318C6D2-88E6-43E2-A2D4-0FAABC7F3ECD}.Release|Any CPU.ActiveCfg = Release|Any CPU
		{A318C6D2-88E6-43E2-A2D4-0FAABC7F3ECD}.Release|Any CPU.Build.0 = Release|Any CPU
	EndGlobalSection
	GlobalSection(SolutionProperties) = preSolution
		HideSolutionNode = FALSE
	EndGlobalSection
	GlobalSection(ExtensibilityGlobals) = postSolution
		SolutionGuid = {724A9492-2C72-4EA1-91B1-A8A79DDE8972}
	EndGlobalSection
EndGlobal
